
Microsoft Visual Studio Solution File, Format Version 12.00
# Visual Studio 15
VisualStudioVersion = 15.0.35706.147
MinimumVisualStudioVersion = 10.0.40219.1
Project("{FAE04EC0-301F-11D3-BF4B-00C04F79EFBC}") = "inheritance", "inheritance\inheritance.csproj", "{F8DE3647-4CB1-4D03-9034-CFEC17872CA9}"
EndProject
Global
	GlobalSection(SolutionConfigurationPlatforms) = preSolution
		Debug|Any CPU = Debug|Any CPU
		Release|Any CPU = Release|Any CPU
	EndGlobalSection
	GlobalSection(ProjectConfigurationPlatforms) = postSolution
		{F8DE3647-4CB1-4D03-9034-CFEC17872CA9}.Debug|Any CPU.ActiveCfg = Debug|Any CPU
		{F8DE3647-4CB1-4D03-9034-CFEC17872CA9}.Debug|Any CPU.Build.0 = Debug|Any CPU
		{F8DE3647-4CB1-4D03-9034-CFEC17872CA9}.Release|Any CPU.ActiveCfg = Release|Any CPU
		{F8DE3647-4CB1-4D03-9034-CFEC17872CA9}.Release|Any CPU.Build.0 = Release|Any CPU
	EndGlobalSection
	GlobalSection(SolutionProperties) = preSolution
		HideSolutionNode = FALSE
	EndGlobalSection
	GlobalSection(ExtensibilityGlobals) = postSolution
		SolutionGuid = {0760EBDD-1066-4663-89AA-EAFBD76B9355}
	EndGlobalSection
EndGlobal
