
Microsoft Visual Studio Solution File, Format Version 12.00
# Visual Studio 15
VisualStudioVersion = 15.0.35706.147
MinimumVisualStudioVersion = 10.0.40219.1
Project("{FAE04EC0-301F-11D3-BF4B-00C04F79EFBC}") = "Assignment1", "Assignment1\Assignment1.csproj", "{F7B361A7-6120-456E-B5E1-B74C35DD352E}"
EndProject
Global
	GlobalSection(SolutionConfigurationPlatforms) = preSolution
		Debug|Any CPU = Debug|Any CPU
		Release|Any CPU = Release|Any CPU
	EndGlobalSection
	GlobalSection(ProjectConfigurationPlatforms) = postSolution
		{F7B361A7-6120-456E-B5E1-B74C35DD352E}.Debug|Any CPU.ActiveCfg = Debug|Any CPU
		{F7B361A7-6120-456E-B5E1-B74C35DD352E}.Debug|Any CPU.Build.0 = Debug|Any CPU
		{F7B361A7-6120-456E-B5E1-B74C35DD352E}.Release|Any CPU.ActiveCfg = Release|Any CPU
		{F7B361A7-6120-456E-B5E1-B74C35DD352E}.Release|Any CPU.Build.0 = Release|Any CPU
	EndGlobalSection
	GlobalSection(SolutionProperties) = preSolution
		HideSolutionNode = FALSE
	EndGlobalSection
	GlobalSection(ExtensibilityGlobals) = postSolution
		SolutionGuid = {C57E385F-97E2-488B-A88B-B326703A474A}
	EndGlobalSection
EndGlobal
