
Microsoft Visual Studio Solution File, Format Version 12.00
# Visual Studio 15
VisualStudioVersion = 15.0.35706.147
MinimumVisualStudioVersion = 10.0.40219.1
Project("{FAE04EC0-301F-11D3-BF4B-00C04F79EFBC}") = "Acess Modifiers", "Acess Modifiers\Acess Modifiers.csproj", "{8669C3B2-582F-41DB-A2DA-C052E5170D54}"
EndProject
Global
	GlobalSection(SolutionConfigurationPlatforms) = preSolution
		Debug|Any CPU = Debug|Any CPU
		Release|Any CPU = Release|Any CPU
	EndGlobalSection
	GlobalSection(ProjectConfigurationPlatforms) = postSolution
		{8669C3B2-582F-41DB-A2DA-C052E5170D54}.Debug|Any CPU.ActiveCfg = Debug|Any CPU
		{8669C3B2-582F-41DB-A2DA-C052E5170D54}.Debug|Any CPU.Build.0 = Debug|Any CPU
		{8669C3B2-582F-41DB-A2DA-C052E5170D54}.Release|Any CPU.ActiveCfg = Release|Any CPU
		{8669C3B2-582F-41DB-A2DA-C052E5170D54}.Release|Any CPU.Build.0 = Release|Any CPU
	EndGlobalSection
	GlobalSection(SolutionProperties) = preSolution
		HideSolutionNode = FALSE
	EndGlobalSection
	GlobalSection(ExtensibilityGlobals) = postSolution
		SolutionGuid = {FE6126A9-B06C-4E85-9A3D-7A40C6513054}
	EndGlobalSection
EndGlobal
