
Microsoft Visual Studio Solution File, Format Version 12.00
# Visual Studio 15
VisualStudioVersion = 15.0.35706.147
MinimumVisualStudioVersion = 10.0.40219.1
Project("{FAE04EC0-301F-11D3-BF4B-00C04F79EFBC}") = "Assignment_4_abstract_student_grade", "Assignment_4_abstract_student_grade\Assignment_4_abstract_student_grade.csproj", "{DA25BF1D-CD70-4031-B2F8-3A9BF6E8CBA9}"
EndProject
Global
	GlobalSection(SolutionConfigurationPlatforms) = preSolution
		Debug|Any CPU = Debug|Any CPU
		Release|Any CPU = Release|Any CPU
	EndGlobalSection
	GlobalSection(ProjectConfigurationPlatforms) = postSolution
		{DA25BF1D-CD70-4031-B2F8-3A9BF6E8CBA9}.Debug|Any CPU.ActiveCfg = Debug|Any CPU
		{DA25BF1D-CD70-4031-B2F8-3A9BF6E8CBA9}.Debug|Any CPU.Build.0 = Debug|Any CPU
		{DA25BF1D-CD70-4031-B2F8-3A9BF6E8CBA9}.Release|Any CPU.ActiveCfg = Release|Any CPU
		{DA25BF1D-CD70-4031-B2F8-3A9BF6E8CBA9}.Release|Any CPU.Build.0 = Release|Any CPU
	EndGlobalSection
	GlobalSection(SolutionProperties) = preSolution
		HideSolutionNode = FALSE
	EndGlobalSection
	GlobalSection(ExtensibilityGlobals) = postSolution
		SolutionGuid = {B245464D-A4A6-4A0B-9E01-93321B5C1484}
	EndGlobalSection
EndGlobal
